// !$*UTF8*$!
{
	archiveVersion = 1;
	classes = {
	};
	objectVersion = 48;
	objects = {

/* Begin PBXBuildFile section */
		AC3ABDA920B5FFC900D1BE7A /* AppDelegate.swift in Sources */ = {isa = PBXBuildFile; fileRef = AC3ABDA820B5FFC900D1BE7A /* AppDelegate.swift */; };
		AC3ABDAB20B5FFC900D1BE7A /* ViewController.swift in Sources */ = {isa = PBXBuildFile; fileRef = AC3ABDAA20B5FFC900D1BE7A /* ViewController.swift */; };
		AC3ABDAE20B5FFC900D1BE7A /* Main.storyboard in Resources */ = {isa = PBXBuildFile; fileRef = AC3ABDAC20B5FFC900D1BE7A /* Main.storyboard */; };
		AC3ABDB020B5FFC900D1BE7A /* Assets.xcassets in Resources */ = {isa = PBXBuildFile; fileRef = AC3ABDAF20B5FFC900D1BE7A /* Assets.xcassets */; };
		AC3ABDB320B5FFC900D1BE7A /* LaunchScreen.storyboard in Resources */ = {isa = PBXBuildFile; fileRef = AC3ABDB120B5FFC900D1BE7A /* LaunchScreen.storyboard */; };
/* End PBXBuildFile section */

/* Begin PBXFileReference section */
		AC3ABDA520B5FFC900D1BE7A /* testwebService.app */ = {isa = PBXFileReference; explicitFileType = wrapper.application; includeInIndex = 0; path = testwebService.app; sourceTree = BUILT_PRODUCTS_DIR; };
		AC3ABDA820B5FFC900D1BE7A /* AppDelegate.swift */ = {isa = PBXFileReference; lastKnownFileType = sourcecode.swift; path = AppDelegate.swift; sourceTree = "<group>"; };
		AC3ABDAA20B5FFC900D1BE7A /* ViewController.swift */ = {isa = PBXFileReference; lastKnownFileType = sourcecode.swift; path = ViewController.swift; sourceTree = "<group>"; };
		AC3ABDAD20B5FFC900D1BE7A /* Base */ = {isa = PBXFileReference; lastKnownFileType = file.storyboard; name = Base; path = Base.lproj/Main.storyboard; sourceTree = "<group>"; };
		AC3ABDAF20B5FFC900D1BE7A /* Assets.xcassets */ = {isa = PBXFileReference; lastKnownFileType = folder.assetcatalog; path = Assets.xcassets; sourceTree = "<group>"; };
		AC3ABDB220B5FFC900D1BE7A /* Base */ = {isa = PBXFileReference; lastKnownFileType = file.storyboard; name = Base; path = Base.lproj/LaunchScreen.storyboard; sourceTree = "<group>"; };
		AC3ABDB420B5FFC900D1BE7A /* Info.plist */ = {isa = PBXFileReference; lastKnownFileType = text.plist.xml; path = Info.plist; sourceTree = "<group>"; };
/* End PBXFileReference section */

/* Begin PBXFrameworksBuildPhase section */
		AC3ABDA220B5FFC900D1BE7A /* Frameworks */ = {
			isa = PBXFrameworksBuildPhase;
			buildActionMask = 2147483647;
			files = (
			);
			runOnlyForDeploymentPostprocessing = 0;
		};
/* End PBXFrameworksBuildPhase section */

/* Begin PBXGroup section */
		AC3ABD9C20B5FFC900D1BE7A = {
			isa = PBXGroup;
			children = (
				AC3ABDA720B5FFC900D1BE7A /* testwebService */,
				AC3ABDA620B5FFC900D1BE7A /* Products */,
			);
			sourceTree = "<group>";
		};
		AC3ABDA620B5FFC900D1BE7A /* Products */ = {
			isa = PBXGroup;
			children = (
				AC3ABDA520B5FFC900D1BE7A /* testwebService.app */,
			);
			name = Products;
			sourceTree = "<group>";
		};
		AC3ABDA720B5FFC900D1BE7A /* testwebService */ = {
			isa = PBXGroup;
			children = (
				AC3ABDA820B5FFC900D1BE7A /* AppDelegate.swift */,
				AC3ABDAA20B5FFC900D1BE7A /* ViewController.swift */,
				AC3ABDAC20B5FFC900D1BE7A /* Main.storyboard */,
				AC3ABDAF20B5FFC900D1BE7A /* Assets.xcassets */,
				AC3ABDB120B5FFC900D1BE7A /* LaunchScreen.storyboard */,
				AC3ABDB420B5FFC900D1BE7A /* Info.plist */,
			);
			path = testwebService;
			sourceTree = "<group>";
		};
/* End PBXGroup section */

/* Begin PBXNativeTarget section */
		AC3ABDA420B5FFC900D1BE7A /* testwebService */ = {
			isa = PBXNativeTarget;
			buildConfigurationList = AC3ABDB720B5FFC900D1BE7A /* Build configuration list for PBXNativeTarget "testwebService" */;
			buildPhases = (
				AC3ABDA120B5FFC900D1BE7A /* Sources */,
				AC3ABDA220B5FFC900D1BE7A /* Frameworks */,
				AC3ABDA320B5FFC900D1BE7A /* Resources */,
			);
			buildRules = (
			);
			dependencies = (
			);
			name = testwebService;
			productName = testwebService;
			productReference = AC3ABDA520B5FFC900D1BE7A /* testwebService.app */;
			productType = "com.apple.product-type.application";
		};
/* End PBXNativeTarget section */

/* Begin PBXProject section */
		AC3ABD9D20B5FFC900D1BE7A /* Project object */ = {
			isa = PBXProject;
			attributes = {
				LastSwiftUpdateCheck = 0920;
				LastUpgradeCheck = 0920;
				ORGANIZATIONNAME = enas;
				TargetAttributes = {
					AC3ABDA420B5FFC900D1BE7A = {
						CreatedOnToolsVersion = 9.2;
						ProvisioningStyle = Automatic;
					};
				};
			};
			buildConfigurationList = AC3ABDA020B5FFC900D1BE7A /* Build configuration list for PBXProject "testwebService" */;
			compatibilityVersion = "Xcode 8.0";
			developmentRegion = en;
			hasScannedForEncodings = 0;
			knownRegions = (
				en,
				Base,
			);
			mainGroup = AC3ABD9C20B5FFC900D1BE7A;
			productRefGroup = AC3ABDA620B5FFC900D1BE7A /* Products */;
			projectDirPath = "";
			projectRoot = "";
			targets = (
				AC3ABDA420B5FFC900D1BE7A /* testwebService */,
			);
		};
/* End PBXProject section */

/* Begin PBXResourcesBuildPhase section */
		AC3ABDA320B5FFC900D1BE7A /* Resources */ = {
			isa = PBXResourcesBuildPhase;
			buildActionMask = 2147483647;
			files = (
				AC3ABDB320B5FFC900D1BE7A /* LaunchScreen.storyboard in Resources */,
				AC3ABDB020B5FFC900D1BE7A /* Assets.xcassets in Resources */,
				AC3ABDAE20B5FFC900D1BE7A /* Main.storyboard in Resources */,
			);
			runOnlyForDeploymentPostprocessing = 0;
		};
/* End PBXResourcesBuildPhase section */

/* Begin PBXSourcesBuildPhase section */
		AC3ABDA120B5FFC900D1BE7A /* Sources */ = {
			isa = PBXSourcesBuildPhase;
			buildActionMask = 2147483647;
			files = (
				AC3ABDAB20B5FFC900D1BE7A /* ViewController.swift in Sources */,
				AC3ABDA920B5FFC900D1BE7A /* AppDelegate.swift in Sources */,
			);
			runOnlyForDeploymentPostprocessing = 0;
		};
/* End PBXSourcesBuildPhase section */

/* Begin PBXVariantGroup section */
		AC3ABDAC20B5FFC900D1BE7A /* Main.storyboard */ = {
			isa = PBXVariantGroup;
			children = (
				AC3ABDAD20B5FFC900D1BE7A /* Base */,
			);
			name = Main.storyboard;
			sourceTree = "<group>";
		};
		AC3ABDB120B5FFC900D1BE7A /* LaunchScreen.storyboard */ = {
			isa = PBXVariantGroup;
			children = (
				AC3ABDB220B5FFC900D1BE7A /* Base */,
			);
			name = LaunchScreen.storyboard;
			sourceTree = "<group>";
		};
/* End PBXVariantGroup section */

/* Begin XCBuildConfiguration section */
		AC3ABDB520B5FFC900D1BE7A /* Debug */ = {
			isa = XCBuildConfiguration;
			buildSettings = {
				ALWAYS_SEARCH_USER_PATHS = NO;
				CLANG_ANALYZER_NONNULL = YES;
				CLANG_ANALYZER_NUMBER_OBJECT_CONVERSION = YES_AGGRESSIVE;
				CLANG_CXX_LANGUAGE_STANDARD = "gnu++14";
				CLANG_CXX_LIBRARY = "libc++";
				CLANG_ENABLE_MODULES = YES;
				CLANG_ENABLE_OBJC_ARC = YES;
				CLANG_WARN_BLOCK_CAPTURE_AUTORELEASING = YES;
				CLANG_WARN_BOOL_CONVERSION = YES;
				CLANG_WARN_COMMA = YES;
				CLANG_WARN_CONSTANT_CONVERSION = YES;
				CLANG_WARN_DIRECT_OBJC_ISA_USAGE = YES_ERROR;
				CLANG_WARN_DOCUMENTATION_COMMENTS = YES;
				CLANG_WARN_EMPTY_BODY = YES;
				CLANG_WARN_ENUM_CONVERSION = YES;
				CLANG_WARN_INFINITE_RECURSION = YES;
				CLANG_WARN_INT_CONVERSION = YES;
				CLANG_WARN_NON_LITERAL_NULL_CONVERSION = YES;
				CLANG_WARN_OBJC_LITERAL_CONVERSION = YES;
				CLANG_WARN_OBJC_ROOT_CLASS = YES_ERROR;
				CLANG_WARN_RANGE_LOOP_ANALYSIS = YES;
				CLANG_WARN_STRICT_PROTOTYPES = YES;
				CLANG_WARN_SUSPICIOUS_MOVE = YES;
				CLANG_WARN_UNGUARDED_AVAILABILITY = YES_AGGRESSIVE;
				CLANG_WARN_UNREACHABLE_CODE = YES;
				CLANG_WARN__DUPLICATE_METHOD_MATCH = YES;
				CODE_SIGN_IDENTITY = "iPhone Developer";
				COPY_PHASE_STRIP = NO;
				DEBUG_INFORMATION_FORMAT = dwarf;
				ENABLE_STRICT_OBJC_MSGSEND = YES;
				ENABLE_TESTABILITY = YES;
				GCC_C_LANGUAGE_STANDARD = gnu11;
				GCC_DYNAMIC_NO_PIC = NO;
				GCC_NO_COMMON_BLOCKS = YES;
				GCC_OPTIMIZATION_LEVEL = 0;
				GCC_PREPROCESSOR_DEFINITIONS = (
					"DEBUG=1",
					"$(inherited)",
				);
				GCC_WARN_64_TO_32_BIT_CONVERSION = YES;
				GCC_WARN_ABOUT_RETURN_TYPE = YES_ERROR;
				GCC_WARN_UNDECLARED_SELECTOR = YES;
				GCC_WARN_UNINITIALIZED_AUTOS = YES_AGGRESSIVE;
				GCC_WARN_UNUSED_FUNCTION = YES;
				GCC_WARN_UNUSED_VARIABLE = YES;
				IPHONEOS_DEPLOYMENT_TARGET = 11.2;
				MTL_ENABLE_DEBUG_INFO = YES;
				ONLY_ACTIVE_ARCH = YES;
				SDKROOT = iphoneos;
				SWIFT_ACTIVE_COMPILATION_CONDITIONS = DEBUG;
				SWIFT_OPTIMIZATION_LEVEL = "-Onone";
			};
			name = Debug;
		};
		AC3ABDB620B5FFC900D1BE7A /* Release */ = {
			isa = XCBuildConfiguration;
			buildSettings = {
				ALWAYS_SEARCH_USER_PATHS = NO;
				CLANG_ANALYZER_NONNULL = YES;
				CLANG_ANALYZER_NUMBER_OBJECT_CONVERSION = YES_AGGRESSIVE;
				CLANG_CXX_LANGUAGE_STANDARD = "gnu++14";
				CLANG_CXX_LIBRARY = "libc++";
				CLANG_ENABLE_MODULES = YES;
				CLANG_ENABLE_OBJC_ARC = YES;
				CLANG_WARN_BLOCK_CAPTURE_AUTORELEASING = YES;
				CLANG_WARN_BOOL_CONVERSION = YES;
				CLANG_WARN_COMMA = YES;
				CLANG_WARN_CONSTANT_CONVERSION = YES;
				CLANG_WARN_DIRECT_OBJC_ISA_USAGE = YES_ERROR;
				CLANG_WARN_DOCUMENTATION_COMMENTS = YES;
				CLANG_WARN_EMPTY_BODY = YES;
				CLANG_WARN_ENUM_CONVERSION = YES;
				CLANG_WARN_INFINITE_RECURSION = YES;
				CLANG_WARN_INT_CONVERSION = YES;
				CLANG_WARN_NON_LITERAL_NULL_CONVERSION = YES;
				CLANG_WARN_OBJC_LITERAL_CONVERSION = YES;
				CLANG_WARN_OBJC_ROOT_CLASS = YES_ERROR;
				CLANG_WARN_RANGE_LOOP_ANALYSIS = YES;
				CLANG_WARN_STRICT_PROTOTYPES = YES;
				CLANG_WARN_SUSPICIOUS_MOVE = YES;
				CLANG_WARN_UNGUARDED_AVAILABILITY = YES_AGGRESSIVE;
				CLANG_WARN_UNREACHABLE_CODE = YES;
				CLANG_WARN__DUPLICATE_METHOD_MATCH = YES;
				CODE_SIGN_IDENTITY = "iPhone Developer";
				COPY_PHASE_STRIP = NO;
				DEBUG_INFORMATION_FORMAT = "dwarf-with-dsym";
				ENABLE_NS_ASSERTIONS = NO;
				ENABLE_STRICT_OBJC_MSGSEND = YES;
				GCC_C_LANGUAGE_STANDARD = gnu11;
				GCC_NO_COMMON_BLOCKS = YES;
				GCC_WARN_64_TO_32_BIT_CONVERSION = YES;
				GCC_WARN_ABOUT_RETURN_TYPE = YES_ERROR;
				GCC_WARN_UNDECLARED_SELECTOR = YES;
				GCC_WARN_UNINITIALIZED_AUTOS = YES_AGGRESSIVE;
				GCC_WARN_UNUSED_FUNCTION = YES;
				GCC_WARN_UNUSED_VARIABLE = YES;
				IPHONEOS_DEPLOYMENT_TARGET = 11.2;
				MTL_ENABLE_DEBUG_INFO = NO;
				SDKROOT = iphoneos;
				SWIFT_OPTIMIZATION_LEVEL = "-Owholemodule";
				VALIDATE_PRODUCT = YES;
			};
			name = Release;
		};
		AC3ABDB820B5FFC900D1BE7A /* Debug */ = {
			isa = XCBuildConfiguration;
			buildSettings = {
				ASSETCATALOG_COMPILER_APPICON_NAME = AppIcon;
				CODE_SIGN_STYLE = Automatic;
				INFOPLIST_FILE = testwebService/Info.plist;
				LD_RUNPATH_SEARCH_PATHS = "$(inherited) @executable_path/Frameworks";
				PRODUCT_BUNDLE_IDENTIFIER = enas.testwebService;
				PRODUCT_NAME = "$(TARGET_NAME)";
				SWIFT_VERSION = 4.0;
				TARGETED_DEVICE_FAMILY = "1,2";
			};
			name = Debug;
		};
		AC3ABDB920B5FFC900D1BE7A /* Release */ = {
			isa = XCBuildConfiguration;
			buildSettings = {
				ASSETCATALOG_COMPILER_APPICON_NAME = AppIcon;
				CODE_SIGN_STYLE = Automatic;
				INFOPLIST_FILE = testwebService/Info.plist;
				LD_RUNPATH_SEARCH_PATHS = "$(inherited) @executable_path/Frameworks";
				PRODUCT_BUNDLE_IDENTIFIER = enas.testwebService;
				PRODUCT_NAME = "$(TARGET_NAME)";
				SWIFT_VERSION = 4.0;
				TARGETED_DEVICE_FAMILY = "1,2";
			};
			name = Release;
		};
/* End XCBuildConfiguration section */

/* Begin XCConfigurationList section */
		AC3ABDA020B5FFC900D1BE7A /* Build configuration list for PBXProject "testwebService" */ = {
			isa = XCConfigurationList;
			buildConfigurations = (
				AC3ABDB520B5FFC900D1BE7A /* Debug */,
				AC3ABDB620B5FFC900D1BE7A /* Release */,
			);
			defaultConfigurationIsVisible = 0;
			defaultConfigurationName = Release;
		};
		AC3ABDB720B5FFC900D1BE7A /* Build configuration list for PBXNativeTarget "testwebService" */ = {
			isa = XCConfigurationList;
			buildConfigurations = (
				AC3ABDB820B5FFC900D1BE7A /* Debug */,
				AC3ABDB920B5FFC900D1BE7A /* Release */,
			);
			defaultConfigurationIsVisible = 0;
			defaultConfigurationName = Release;
		};
/* End XCConfigurationList section */
	};
	rootObject = AC3ABD9D20B5FFC900D1BE7A /* Project object */;
}
